
Microsoft Visual Studio Solution File, Format Version 12.00
# Visual Studio Version 16
VisualStudioVersion = 16.0.29613.14
MinimumVisualStudioVersion = 10.0.40219.1
Project("{FAE04EC0-301F-11D3-BF4B-00C04F79EFBC}") = "NetworkMonitor", "NetworkMonitor\NetworkMonitor.csproj", "{C567D7C7-68DD-4F1C-9AEE-FBE66FE7E4C2}"
EndProject
Global
	GlobalSection(SolutionConfigurationPlatforms) = preSolution
		Debug|Any CPU = Debug|Any CPU
		Release|Any CPU = Release|Any CPU
	EndGlobalSection
	GlobalSection(ProjectConfigurationPlatforms) = postSolution
		{C567D7C7-68DD-4F1C-9AEE-FBE66FE7E4C2}.Debug|Any CPU.ActiveCfg = Debug|Any CPU
		{C567D7C7-68DD-4F1C-9AEE-FBE66FE7E4C2}.Debug|Any CPU.Build.0 = Debug|Any CPU
		{C567D7C7-68DD-4F1C-9AEE-FBE66FE7E4C2}.Release|Any CPU.ActiveCfg = Release|Any CPU
		{C567D7C7-68DD-4F1C-9AEE-FBE66FE7E4C2}.Release|Any CPU.Build.0 = Release|Any CPU
	EndGlobalSection
	GlobalSection(SolutionProperties) = preSolution
		HideSolutionNode = FALSE
	EndGlobalSection
	GlobalSection(ExtensibilityGlobals) = postSolution
		SolutionGuid = {8770B0E8-24B7-4568-8686-541E1FD1BF16}
	EndGlobalSection
EndGlobal
